PODS:
  - Nimble (7.0.2)
  - Quick (1.2.0)
  - XXShield (2.1.1)

DEPENDENCIES:
  - Nimble
  - Quick
  - XXShield (from `../`)

EXTERNAL SOURCES:
  XXShield:
    :path: ../

SPEC CHECKSUMS:
  Nimble: bfe1f814edabba69ff145cb1283e04ed636a67f2
  Quick: 58d203b1c5e27fff7229c4c1ae445ad7069a7a08
  XXShield: 31221f5b21c8b752a4b83034d3f6cd46a1787c19

PODFILE CHECKSUM: adc54ff4c6cf74572abe87840fd83c53cc78ed38

COCOAPODS: 1.4.0.beta.2
